{
  "requires": true,
  "lockfileVersion": 1,
  "dependencies": {
    "blueimp-tmpl": {
      "version": "3.19.0",
      "resolved": "https://registry.npmjs.org/blueimp-tmpl/-/blueimp-tmpl-3.19.0.tgz",
      "integrity": "sha512-v8/Vge6U3uwlAjO9TxeHoYl77C1GJDZBN45pUp+39WyHU/VRzYbnGDhRNYvcT6Lh8jihVsXNZttnDpnYVA4m9w=="
    }
  }
}
